// !$*UTF8*$!
{
	archiveVersion = 1;
	classes = {
	};
	objectVersion = 46;
	objects = {

/* Begin PBXBuildFile section */
		8F9E0DDA1E5D78A4002F4040 /* AppDelegate.swift in Sources */ = {isa = PBXBuildFile; fileRef = 8F9E0DD91E5D78A4002F4040 /* AppDelegate.swift */; };
		8F9E0DDC1E5D78A4002F4040 /* ViewController.swift in Sources */ = {isa = PBXBuildFile; fileRef = 8F9E0DDB1E5D78A4002F4040 /* ViewController.swift */; };
		8F9E0DDF1E5D78A4002F4040 /* Main.storyboard in Resources */ = {isa = PBXBuildFile; fileRef = 8F9E0DDD1E5D78A4002F4040 /* Main.storyboard */; };
		8F9E0DE11E5D78A4002F4040 /* Assets.xcassets in Resources */ = {isa = PBXBuildFile; fileRef = 8F9E0DE01E5D78A4002F4040 /* Assets.xcassets */; };
		8F9E0DE41E5D78A4002F4040 /* LaunchScreen.storyboard in Resources */ = {isa = PBXBuildFile; fileRef = 8F9E0DE21E5D78A4002F4040 /* LaunchScreen.storyboard */; };
/* End PBXBuildFile section */

/* Begin PBXFileReference section */
		8F9E0DD61E5D78A4002F4040 /* ORCTesting.app */ = {isa = PBXFileReference; explicitFileType = wrapper.application; includeInIndex = 0; path = ORCTesting.app; sourceTree = BUILT_PRODUCTS_DIR; };
		8F9E0DD91E5D78A4002F4040 /* AppDelegate.swift */ = {isa = PBXFileReference; lastKnownFileType = sourcecode.swift; path = AppDelegate.swift; sourceTree = "<group>"; };
		8F9E0DDB1E5D78A4002F4040 /* ViewController.swift */ = {isa = PBXFileReference; lastKnownFileType = sourcecode.swift; path = ViewController.swift; sourceTree = "<group>"; };
		8F9E0DDE1E5D78A4002F4040 /* Base */ = {isa = PBXFileReference; lastKnownFileType = file.storyboard; name = Base; path = Base.lproj/Main.storyboard; sourceTree = "<group>"; };
		8F9E0DE01E5D78A4002F4040 /* Assets.xcassets */ = {isa = PBXFileReference; lastKnownFileType = folder.assetcatalog; path = Assets.xcassets; sourceTree = "<group>"; };
		8F9E0DE31E5D78A4002F4040 /* Base */ = {isa = PBXFileReference; lastKnownFileType = file.storyboard; name = Base; path = Base.lproj/LaunchScreen.storyboard; sourceTree = "<group>"; };
		8F9E0DE51E5D78A4002F4040 /* Info.plist */ = {isa = PBXFileReference; lastKnownFileType = text.plist.xml; path = Info.plist; sourceTree = "<group>"; };
/* End PBXFileReference section */

/* Begin PBXFrameworksBuildPhase section */
		8F9E0DD31E5D78A4002F4040 /* Frameworks */ = {
			isa = PBXFrameworksBuildPhase;
			buildActionMask = 2147483647;
			files = (
			);
			runOnlyForDeploymentPostprocessing = 0;
		};
/* End PBXFrameworksBuildPhase section */

/* Begin PBXGroup section */
		8F9E0DCD1E5D78A4002F4040 = {
			isa = PBXGroup;
			children = (
				8F9E0DD81E5D78A4002F4040 /* ORCTesting */,
				8F9E0DD71E5D78A4002F4040 /* Products */,
			);
			sourceTree = "<group>";
		};
		8F9E0DD71E5D78A4002F4040 /* Products */ = {
			isa = PBXGroup;
			children = (
				8F9E0DD61E5D78A4002F4040 /* ORCTesting.app */,
			);
			name = Products;
			sourceTree = "<group>";
		};
		8F9E0DD81E5D78A4002F4040 /* ORCTesting */ = {
			isa = PBXGroup;
			children = (
				8F9E0DD91E5D78A4002F4040 /* AppDelegate.swift */,
				8F9E0DDB1E5D78A4002F4040 /* ViewController.swift */,
				8F9E0DDD1E5D78A4002F4040 /* Main.storyboard */,
				8F9E0DE01E5D78A4002F4040 /* Assets.xcassets */,
				8F9E0DE21E5D78A4002F4040 /* LaunchScreen.storyboard */,
				8F9E0DE51E5D78A4002F4040 /* Info.plist */,
			);
			path = ORCTesting;
			sourceTree = "<group>";
		};
/* End PBXGroup section */

/* Begin PBXNativeTarget section */
		8F9E0DD51E5D78A4002F4040 /* ORCTesting */ = {
			isa = PBXNativeTarget;
			buildConfigurationList = 8F9E0DE81E5D78A4002F4040 /* Build configuration list for PBXNativeTarget "ORCTesting" */;
			buildPhases = (
				8F9E0DD21E5D78A4002F4040 /* Sources */,
				8F9E0DD31E5D78A4002F4040 /* Frameworks */,
				8F9E0DD41E5D78A4002F4040 /* Resources */,
			);
			buildRules = (
			);
			dependencies = (
			);
			name = ORCTesting;
			productName = ORCTesting;
			productReference = 8F9E0DD61E5D78A4002F4040 /* ORCTesting.app */;
			productType = "com.apple.product-type.application";
		};
/* End PBXNativeTarget section */

/* Begin PBXProject section */
		8F9E0DCE1E5D78A4002F4040 /* Project object */ = {
			isa = PBXProject;
			attributes = {
				LastSwiftUpdateCheck = 0820;
				LastUpgradeCheck = 0820;
				ORGANIZATIONNAME = "Bilawal Liaqat";
				TargetAttributes = {
					8F9E0DD51E5D78A4002F4040 = {
						CreatedOnToolsVersion = 8.2;
						DevelopmentTeam = 553NH4N55S;
						ProvisioningStyle = Automatic;
					};
				};
			};
			buildConfigurationList = 8F9E0DD11E5D78A4002F4040 /* Build configuration list for PBXProject "ORCTesting" */;
			compatibilityVersion = "Xcode 3.2";
			developmentRegion = English;
			hasScannedForEncodings = 0;
			knownRegions = (
				en,
				Base,
			);
			mainGroup = 8F9E0DCD1E5D78A4002F4040;
			productRefGroup = 8F9E0DD71E5D78A4002F4040 /* Products */;
			projectDirPath = "";
			projectRoot = "";
			targets = (
				8F9E0DD51E5D78A4002F4040 /* ORCTesting */,
			);
		};
/* End PBXProject section */

/* Begin PBXResourcesBuildPhase section */
		8F9E0DD41E5D78A4002F4040 /* Resources */ = {
			isa = PBXResourcesBuildPhase;
			buildActionMask = 2147483647;
			files = (
				8F9E0DE41E5D78A4002F4040 /* LaunchScreen.storyboard in Resources */,
				8F9E0DE11E5D78A4002F4040 /* Assets.xcassets in Resources */,
				8F9E0DDF1E5D78A4002F4040 /* Main.storyboard in Resources */,
			);
			runOnlyForDeploymentPostprocessing = 0;
		};
/* End PBXResourcesBuildPhase section */

/* Begin PBXSourcesBuildPhase section */
		8F9E0DD21E5D78A4002F4040 /* Sources */ = {
			isa = PBXSourcesBuildPhase;
			buildActionMask = 2147483647;
			files = (
				8F9E0DDC1E5D78A4002F4040 /* ViewController.swift in Sources */,
				8F9E0DDA1E5D78A4002F4040 /* AppDelegate.swift in Sources */,
			);
			runOnlyForDeploymentPostprocessing = 0;
		};
/* End PBXSourcesBuildPhase section */

/* Begin PBXVariantGroup section */
		8F9E0DDD1E5D78A4002F4040 /* Main.storyboard */ = {
			isa = PBXVariantGroup;
			children = (
				8F9E0DDE1E5D78A4002F4040 /* Base */,
			);
			name = Main.storyboard;
			sourceTree = "<group>";
		};
		8F9E0DE21E5D78A4002F4040 /* LaunchScreen.storyboard */ = {
			isa = PBXVariantGroup;
			children = (
				8F9E0DE31E5D78A4002F4040 /* Base */,
			);
			name = LaunchScreen.storyboard;
			sourceTree = "<group>";
		};
/* End PBXVariantGroup section */

/* Begin XCBuildConfiguration section */
		8F9E0DE61E5D78A4002F4040 /* Debug */ = {
			isa = XCBuildConfiguration;
			buildSettings = {
				ALWAYS_SEARCH_USER_PATHS = NO;
				CLANG_ANALYZER_NONNULL = YES;
				CLANG_CXX_LANGUAGE_STANDARD = "gnu++0x";
				CLANG_CXX_LIBRARY = "libc++";
				CLANG_ENABLE_MODULES = YES;
				CLANG_ENABLE_OBJC_ARC = YES;
				CLANG_WARN_BOOL_CONVERSION = YES;
				CLANG_WARN_CONSTANT_CONVERSION = YES;
				CLANG_WARN_DIRECT_OBJC_ISA_USAGE = YES_ERROR;
				CLANG_WARN_DOCUMENTATION_COMMENTS = YES;
				CLANG_WARN_EMPTY_BODY = YES;
				CLANG_WARN_ENUM_CONVERSION = YES;
				CLANG_WARN_INFINITE_RECURSION = YES;
				CLANG_WARN_INT_CONVERSION = YES;
				CLANG_WARN_OBJC_ROOT_CLASS = YES_ERROR;
				CLANG_WARN_SUSPICIOUS_MOVE = YES;
				CLANG_WARN_UNREACHABLE_CODE = YES;
				CLANG_WARN__DUPLICATE_METHOD_MATCH = YES;
				"CODE_SIGN_IDENTITY[sdk=iphoneos*]" = "iPhone Developer";
				COPY_PHASE_STRIP = NO;
				DEBUG_INFORMATION_FORMAT = dwarf;
				ENABLE_STRICT_OBJC_MSGSEND = YES;
				ENABLE_TESTABILITY = YES;
				GCC_C_LANGUAGE_STANDARD = gnu99;
				GCC_DYNAMIC_NO_PIC = NO;
				GCC_NO_COMMON_BLOCKS = YES;
				GCC_OPTIMIZATION_LEVEL = 0;
				GCC_PREPROCESSOR_DEFINITIONS = (
					"DEBUG=1",
					"$(inherited)",
				);
				GCC_WARN_64_TO_32_BIT_CONVERSION = YES;
				GCC_WARN_ABOUT_RETURN_TYPE = YES_ERROR;
				GCC_WARN_UNDECLARED_SELECTOR = YES;
				GCC_WARN_UNINITIALIZED_AUTOS = YES_AGGRESSIVE;
				GCC_WARN_UNUSED_FUNCTION = YES;
				GCC_WARN_UNUSED_VARIABLE = YES;
				IPHONEOS_DEPLOYMENT_TARGET = 10.2;
				MTL_ENABLE_DEBUG_INFO = YES;
				ONLY_ACTIVE_ARCH = YES;
				SDKROOT = iphoneos;
				SWIFT_ACTIVE_COMPILATION_CONDITIONS = DEBUG;
				SWIFT_OPTIMIZATION_LEVEL = "-Onone";
			};
			name = Debug;
		};
		8F9E0DE71E5D78A4002F4040 /* Release */ = {
			isa = XCBuildConfiguration;
			buildSettings = {
				ALWAYS_SEARCH_USER_PATHS = NO;
				CLANG_ANALYZER_NONNULL = YES;
				CLANG_CXX_LANGUAGE_STANDARD = "gnu++0x";
				CLANG_CXX_LIBRARY = "libc++";
				CLANG_ENABLE_MODULES = YES;
				CLANG_ENABLE_OBJC_ARC = YES;
				CLANG_WARN_BOOL_CONVERSION = YES;
				CLANG_WARN_CONSTANT_CONVERSION = YES;
				CLANG_WARN_DIRECT_OBJC_ISA_USAGE = YES_ERROR;
				CLANG_WARN_DOCUMENTATION_COMMENTS = YES;
				CLANG_WARN_EMPTY_BODY = YES;
				CLANG_WARN_ENUM_CONVERSION = YES;
				CLANG_WARN_INFINITE_RECURSION = YES;
				CLANG_WARN_INT_CONVERSION = YES;
				CLANG_WARN_OBJC_ROOT_CLASS = YES_ERROR;
				CLANG_WARN_SUSPICIOUS_MOVE = YES;
				CLANG_WARN_UNREACHABLE_CODE = YES;
				CLANG_WARN__DUPLICATE_METHOD_MATCH = YES;
				"CODE_SIGN_IDENTITY[sdk=iphoneos*]" = "iPhone Developer";
				COPY_PHASE_STRIP = NO;
				DEBUG_INFORMATION_FORMAT = "dwarf-with-dsym";
				ENABLE_NS_ASSERTIONS = NO;
				ENABLE_STRICT_OBJC_MSGSEND = YES;
				GCC_C_LANGUAGE_STANDARD = gnu99;
				GCC_NO_COMMON_BLOCKS = YES;
				GCC_WARN_64_TO_32_BIT_CONVERSION = YES;
				GCC_WARN_ABOUT_RETURN_TYPE = YES_ERROR;
				GCC_WARN_UNDECLARED_SELECTOR = YES;
				GCC_WARN_UNINITIALIZED_AUTOS = YES_AGGRESSIVE;
				GCC_WARN_UNUSED_FUNCTION = YES;
				GCC_WARN_UNUSED_VARIABLE = YES;
				IPHONEOS_DEPLOYMENT_TARGET = 10.2;
				MTL_ENABLE_DEBUG_INFO = NO;
				SDKROOT = iphoneos;
				SWIFT_OPTIMIZATION_LEVEL = "-Owholemodule";
				VALIDATE_PRODUCT = YES;
			};
			name = Release;
		};
		8F9E0DE91E5D78A4002F4040 /* Debug */ = {
			isa = XCBuildConfiguration;
			buildSettings = {
				ASSETCATALOG_COMPILER_APPICON_NAME = AppIcon;
				DEVELOPMENT_TEAM = 553NH4N55S;
				INFOPLIST_FILE = ORCTesting/Info.plist;
				LD_RUNPATH_SEARCH_PATHS = "$(inherited) @executable_path/Frameworks";
				PRODUCT_BUNDLE_IDENTIFIER = com.nxb.ORCTesting;
				PRODUCT_NAME = "$(TARGET_NAME)";
				SWIFT_VERSION = 3.0;
			};
			name = Debug;
		};
		8F9E0DEA1E5D78A4002F4040 /* Release */ = {
			isa = XCBuildConfiguration;
			buildSettings = {
				ASSETCATALOG_COMPILER_APPICON_NAME = AppIcon;
				DEVELOPMENT_TEAM = 553NH4N55S;
				INFOPLIST_FILE = ORCTesting/Info.plist;
				LD_RUNPATH_SEARCH_PATHS = "$(inherited) @executable_path/Frameworks";
				PRODUCT_BUNDLE_IDENTIFIER = com.nxb.ORCTesting;
				PRODUCT_NAME = "$(TARGET_NAME)";
				SWIFT_VERSION = 3.0;
			};
			name = Release;
		};
/* End XCBuildConfiguration section */

/* Begin XCConfigurationList section */
		8F9E0DD11E5D78A4002F4040 /* Build configuration list for PBXProject "ORCTesting" */ = {
			isa = XCConfigurationList;
			buildConfigurations = (
				8F9E0DE61E5D78A4002F4040 /* Debug */,
				8F9E0DE71E5D78A4002F4040 /* Release */,
			);
			defaultConfigurationIsVisible = 0;
			defaultConfigurationName = Release;
		};
		8F9E0DE81E5D78A4002F4040 /* Build configuration list for PBXNativeTarget "ORCTesting" */ = {
			isa = XCConfigurationList;
			buildConfigurations = (
				8F9E0DE91E5D78A4002F4040 /* Debug */,
				8F9E0DEA1E5D78A4002F4040 /* Release */,
			);
			defaultConfigurationIsVisible = 0;
		};
/* End XCConfigurationList section */
	};
	rootObject = 8F9E0DCE1E5D78A4002F4040 /* Project object */;
}
